
Microsoft Visual Studio Solution File, Format Version 12.00
Project("{2150E333-8FDC-42A3-9474-1A3956D46DE8}") = "src", "src", "{B6FF8FD2-30F9-4134-B94C-D2DE8AD2900D}"
EndProject
Project("{FAE04EC0-301F-11D3-BF4B-00C04F79EFBC}") = "Domain", "Domain\Domain.csproj", "{9560EC88-A07E-4A76-B026-E2F09485D630}"
EndProject
Project("{FAE04EC0-301F-11D3-BF4B-00C04F79EFBC}") = "Application", "Application\Application.csproj", "{477A6052-FAEB-4B22-A02E-EB5430B13284}"
EndProject
Project("{FAE04EC0-301F-11D3-BF4B-00C04F79EFBC}") = "Infrastructure", "Infrastructure\Infrastructure.csproj", "{D1A6B1A9-E2BC-4603-B38C-2510F054CCA2}"
EndProject
Project("{2150E333-8FDC-42A3-9474-1A3956D46DE8}") = "tests", "tests", "{6FCB66DE-DBE8-48FF-944E-7BAF2A40B264}"
EndProject
Project("{FAE04EC0-301F-11D3-BF4B-00C04F79EFBC}") = "Application.Tests", "Application.Tests\Application.Tests.csproj", "{52105EEC-19C8-4646-87C0-2168D54B4924}"
EndProject
Project("{FAE04EC0-301F-11D3-BF4B-00C04F79EFBC}") = "WebApi", "WebApi\WebApi.csproj", "{7F6A1472-0EDB-4772-AC7C-29FEA1C8C3BC}"
EndProject
Global
	GlobalSection(SolutionConfigurationPlatforms) = preSolution
		Debug|Any CPU = Debug|Any CPU
		Release|Any CPU = Release|Any CPU
	EndGlobalSection
	GlobalSection(NestedProjects) = preSolution
		{9560EC88-A07E-4A76-B026-E2F09485D630} = {B6FF8FD2-30F9-4134-B94C-D2DE8AD2900D}
		{477A6052-FAEB-4B22-A02E-EB5430B13284} = {B6FF8FD2-30F9-4134-B94C-D2DE8AD2900D}
		{D1A6B1A9-E2BC-4603-B38C-2510F054CCA2} = {B6FF8FD2-30F9-4134-B94C-D2DE8AD2900D}
		{52105EEC-19C8-4646-87C0-2168D54B4924} = {6FCB66DE-DBE8-48FF-944E-7BAF2A40B264}
		{7F6A1472-0EDB-4772-AC7C-29FEA1C8C3BC} = {B6FF8FD2-30F9-4134-B94C-D2DE8AD2900D}
	EndGlobalSection
	GlobalSection(ProjectConfigurationPlatforms) = postSolution
		{9560EC88-A07E-4A76-B026-E2F09485D630}.Debug|Any CPU.ActiveCfg = Debug|Any CPU
		{9560EC88-A07E-4A76-B026-E2F09485D630}.Debug|Any CPU.Build.0 = Debug|Any CPU
		{9560EC88-A07E-4A76-B026-E2F09485D630}.Release|Any CPU.ActiveCfg = Release|Any CPU
		{9560EC88-A07E-4A76-B026-E2F09485D630}.Release|Any CPU.Build.0 = Release|Any CPU
		{477A6052-FAEB-4B22-A02E-EB5430B13284}.Debug|Any CPU.ActiveCfg = Debug|Any CPU
		{477A6052-FAEB-4B22-A02E-EB5430B13284}.Debug|Any CPU.Build.0 = Debug|Any CPU
		{477A6052-FAEB-4B22-A02E-EB5430B13284}.Release|Any CPU.ActiveCfg = Release|Any CPU
		{477A6052-FAEB-4B22-A02E-EB5430B13284}.Release|Any CPU.Build.0 = Release|Any CPU
		{D1A6B1A9-E2BC-4603-B38C-2510F054CCA2}.Debug|Any CPU.ActiveCfg = Debug|Any CPU
		{D1A6B1A9-E2BC-4603-B38C-2510F054CCA2}.Debug|Any CPU.Build.0 = Debug|Any CPU
		{D1A6B1A9-E2BC-4603-B38C-2510F054CCA2}.Release|Any CPU.ActiveCfg = Release|Any CPU
		{D1A6B1A9-E2BC-4603-B38C-2510F054CCA2}.Release|Any CPU.Build.0 = Release|Any CPU
		{52105EEC-19C8-4646-87C0-2168D54B4924}.Debug|Any CPU.ActiveCfg = Debug|Any CPU
		{52105EEC-19C8-4646-87C0-2168D54B4924}.Debug|Any CPU.Build.0 = Debug|Any CPU
		{52105EEC-19C8-4646-87C0-2168D54B4924}.Release|Any CPU.ActiveCfg = Release|Any CPU
		{52105EEC-19C8-4646-87C0-2168D54B4924}.Release|Any CPU.Build.0 = Release|Any CPU
		{7F6A1472-0EDB-4772-AC7C-29FEA1C8C3BC}.Debug|Any CPU.ActiveCfg = Debug|Any CPU
		{7F6A1472-0EDB-4772-AC7C-29FEA1C8C3BC}.Debug|Any CPU.Build.0 = Debug|Any CPU
		{7F6A1472-0EDB-4772-AC7C-29FEA1C8C3BC}.Release|Any CPU.ActiveCfg = Release|Any CPU
		{7F6A1472-0EDB-4772-AC7C-29FEA1C8C3BC}.Release|Any CPU.Build.0 = Release|Any CPU
	EndGlobalSection
EndGlobal
